
Microsoft Visual Studio Solution File, Format Version 12.00
Project("{FAE04EC0-301F-11D3-BF4B-00C04F79EFBC}") = "Secure", "Secure\Secure.csproj", "{69318A6B-C95C-4110-BA30-DB5669DC79EE}"
EndProject
Global
	GlobalSection(SolutionConfigurationPlatforms) = preSolution
		Debug|Any CPU = Debug|Any CPU
		Release|Any CPU = Release|Any CPU
	EndGlobalSection
	GlobalSection(ProjectConfigurationPlatforms) = postSolution
		{69318A6B-C95C-4110-BA30-DB5669DC79EE}.Debug|Any CPU.ActiveCfg = Debug|Any CPU
		{69318A6B-C95C-4110-BA30-DB5669DC79EE}.Debug|Any CPU.Build.0 = Debug|Any CPU
		{69318A6B-C95C-4110-BA30-DB5669DC79EE}.Release|Any CPU.ActiveCfg = Release|Any CPU
		{69318A6B-C95C-4110-BA30-DB5669DC79EE}.Release|Any CPU.Build.0 = Release|Any CPU
	EndGlobalSection
EndGlobal
